
Microsoft Visual Studio Solution File, Format Version 12.00
# Visual Studio Version 16
VisualStudioVersion = 16.0.31424.327
MinimumVisualStudioVersion = 10.0.40219.1
Project("{FAE04EC0-301F-11D3-BF4B-00C04F79EFBC}") = "live chat2", "live chat2\live chat2.csproj", "{40EA6D7D-16F2-468E-A622-EE68B0210F24}"
EndProject
Global
	GlobalSection(SolutionConfigurationPlatforms) = preSolution
		Debug|Any CPU = Debug|Any CPU
		Release|Any CPU = Release|Any CPU
	EndGlobalSection
	GlobalSection(ProjectConfigurationPlatforms) = postSolution
		{40EA6D7D-16F2-468E-A622-EE68B0210F24}.Debug|Any CPU.ActiveCfg = Debug|Any CPU
		{40EA6D7D-16F2-468E-A622-EE68B0210F24}.Debug|Any CPU.Build.0 = Debug|Any CPU
		{40EA6D7D-16F2-468E-A622-EE68B0210F24}.Release|Any CPU.ActiveCfg = Release|Any CPU
		{40EA6D7D-16F2-468E-A622-EE68B0210F24}.Release|Any CPU.Build.0 = Release|Any CPU
	EndGlobalSection
	GlobalSection(SolutionProperties) = preSolution
		HideSolutionNode = FALSE
	EndGlobalSection
	GlobalSection(ExtensibilityGlobals) = postSolution
		SolutionGuid = {A3E43A60-3A70-4730-9D8B-A58BBF06F207}
	EndGlobalSection
EndGlobal
